
Microsoft Visual Studio Solution File, Format Version 12.00
# Visual Studio Version 17
VisualStudioVersion = 17.6.33712.159
MinimumVisualStudioVersion = 10.0.40219.1
Project("{FAE04EC0-301F-11D3-BF4B-00C04F79EFBC}") = "LoanManagementSystem", "LoanManagementSystem\LoanManagementSystem.csproj", "{EE2716F5-69C4-43C7-83CA-5E82EFB4B60E}"
EndProject
Project("{FAE04EC0-301F-11D3-BF4B-00C04F79EFBC}") = "LoanManagementDataContext", "LoanManagementDataContext\LoanManagementDataContext.csproj", "{7181DEF2-8075-4B94-B3F3-AF52AF4366F1}"
EndProject
Project("{FAE04EC0-301F-11D3-BF4B-00C04F79EFBC}") = "LoanManagement.Models", "LoanManagement.Models\LoanManagement.Models.csproj", "{2FCA37B4-0AF8-49DB-831C-7196FD2BFBEE}"
EndProject
Project("{FAE04EC0-301F-11D3-BF4B-00C04F79EFBC}") = "LoanManagement.DAL", "LoanManagement.DAL\LoanManagement.DAL.csproj", "{258288EC-FEC6-4DE3-ADE8-2C9787D57E0B}"
EndProject
Project("{FAE04EC0-301F-11D3-BF4B-00C04F79EFBC}") = "LoanManagement.IOC", "LoanManagement.IOC\LoanManagement.IOC.csproj", "{E5A6432D-761C-4174-A71B-FDC01B23EC82}"
EndProject
Global
	GlobalSection(SolutionConfigurationPlatforms) = preSolution
		Debug|Any CPU = Debug|Any CPU
		Release|Any CPU = Release|Any CPU
	EndGlobalSection
	GlobalSection(ProjectConfigurationPlatforms) = postSolution
		{EE2716F5-69C4-43C7-83CA-5E82EFB4B60E}.Debug|Any CPU.ActiveCfg = Debug|Any CPU
		{EE2716F5-69C4-43C7-83CA-5E82EFB4B60E}.Debug|Any CPU.Build.0 = Debug|Any CPU
		{EE2716F5-69C4-43C7-83CA-5E82EFB4B60E}.Release|Any CPU.ActiveCfg = Release|Any CPU
		{EE2716F5-69C4-43C7-83CA-5E82EFB4B60E}.Release|Any CPU.Build.0 = Release|Any CPU
		{7181DEF2-8075-4B94-B3F3-AF52AF4366F1}.Debug|Any CPU.ActiveCfg = Debug|Any CPU
		{7181DEF2-8075-4B94-B3F3-AF52AF4366F1}.Debug|Any CPU.Build.0 = Debug|Any CPU
		{7181DEF2-8075-4B94-B3F3-AF52AF4366F1}.Release|Any CPU.ActiveCfg = Release|Any CPU
		{7181DEF2-8075-4B94-B3F3-AF52AF4366F1}.Release|Any CPU.Build.0 = Release|Any CPU
		{2FCA37B4-0AF8-49DB-831C-7196FD2BFBEE}.Debug|Any CPU.ActiveCfg = Debug|Any CPU
		{2FCA37B4-0AF8-49DB-831C-7196FD2BFBEE}.Debug|Any CPU.Build.0 = Debug|Any CPU
		{2FCA37B4-0AF8-49DB-831C-7196FD2BFBEE}.Release|Any CPU.ActiveCfg = Release|Any CPU
		{2FCA37B4-0AF8-49DB-831C-7196FD2BFBEE}.Release|Any CPU.Build.0 = Release|Any CPU
		{258288EC-FEC6-4DE3-ADE8-2C9787D57E0B}.Debug|Any CPU.ActiveCfg = Debug|Any CPU
		{258288EC-FEC6-4DE3-ADE8-2C9787D57E0B}.Debug|Any CPU.Build.0 = Debug|Any CPU
		{258288EC-FEC6-4DE3-ADE8-2C9787D57E0B}.Release|Any CPU.ActiveCfg = Release|Any CPU
		{258288EC-FEC6-4DE3-ADE8-2C9787D57E0B}.Release|Any CPU.Build.0 = Release|Any CPU
		{E5A6432D-761C-4174-A71B-FDC01B23EC82}.Debug|Any CPU.ActiveCfg = Debug|Any CPU
		{E5A6432D-761C-4174-A71B-FDC01B23EC82}.Debug|Any CPU.Build.0 = Debug|Any CPU
		{E5A6432D-761C-4174-A71B-FDC01B23EC82}.Release|Any CPU.ActiveCfg = Release|Any CPU
		{E5A6432D-761C-4174-A71B-FDC01B23EC82}.Release|Any CPU.Build.0 = Release|Any CPU
	EndGlobalSection
	GlobalSection(SolutionProperties) = preSolution
		HideSolutionNode = FALSE
	EndGlobalSection
	GlobalSection(ExtensibilityGlobals) = postSolution
		SolutionGuid = {C7B51E15-74B8-4165-882D-61035F4E0FF5}
	EndGlobalSection
EndGlobal
